
Microsoft Visual Studio Solution File, Format Version 12.00
# Visual Studio Version 17
VisualStudioVersion = 17.0.32014.148
MinimumVisualStudioVersion = 10.0.40219.1
Project("{9A19103F-16F7-4668-BE54-9A1E7A4F7556}") = "mcp2221", "mcp2221\src\mcp2221.csproj", "{633D87E8-2B2D-4092-AF23-641BFDB9D282}"
EndProject
Project("{2150E333-8FDC-42A3-9474-1A3956D46DE8}") = "Project Info", "Project Info", "{D99C5D00-90B5-470B-A7A9-5E758260E518}"
	ProjectSection(SolutionItems) = preProject
		.gitignore = .gitignore
		CODE_OF_CONDUCT.md = CODE_OF_CONDUCT.md
		CONTRIBUTING.md = CONTRIBUTING.md
		CONTRIBUTORS.md = CONTRIBUTORS.md
		LICENSE.md = LICENSE.md
		README.md = README.md
	EndProjectSection
EndProject
Project("{2150E333-8FDC-42A3-9474-1A3956D46DE8}") = ".github", ".github", "{5252BC44-50C2-47E5-907D-548A6FC42898}"
EndProject
Project("{2150E333-8FDC-42A3-9474-1A3956D46DE8}") = "workflows", "workflows", "{7A2D413F-38F8-46F0-9D0E-5F1DF155F1E7}"
	ProjectSection(SolutionItems) = preProject
		.github\workflows\build.yml = .github\workflows\build.yml
		.github\workflows\code-quality.yml = .github\workflows\code-quality.yml
	EndProjectSection
EndProject
Project("{2150E333-8FDC-42A3-9474-1A3956D46DE8}") = "docs", "docs", "{8B95B819-3877-43D2-9F0E-0A07F4D22067}"
	ProjectSection(SolutionItems) = preProject
		docs\doxygen = docs\doxygen
		docs\DOXYGENHOME.md = docs\DOXYGENHOME.md
	EndProjectSection
EndProject
Global
	GlobalSection(SolutionConfigurationPlatforms) = preSolution
		Debug|Any CPU = Debug|Any CPU
		Release|Any CPU = Release|Any CPU
	EndGlobalSection
	GlobalSection(ProjectConfigurationPlatforms) = postSolution
		{633D87E8-2B2D-4092-AF23-641BFDB9D282}.Debug|Any CPU.ActiveCfg = Debug|Any CPU
		{633D87E8-2B2D-4092-AF23-641BFDB9D282}.Debug|Any CPU.Build.0 = Debug|Any CPU
		{633D87E8-2B2D-4092-AF23-641BFDB9D282}.Release|Any CPU.ActiveCfg = Release|Any CPU
		{633D87E8-2B2D-4092-AF23-641BFDB9D282}.Release|Any CPU.Build.0 = Release|Any CPU
	EndGlobalSection
	GlobalSection(SolutionProperties) = preSolution
		HideSolutionNode = FALSE
	EndGlobalSection
	GlobalSection(NestedProjects) = preSolution
		{5252BC44-50C2-47E5-907D-548A6FC42898} = {D99C5D00-90B5-470B-A7A9-5E758260E518}
		{7A2D413F-38F8-46F0-9D0E-5F1DF155F1E7} = {5252BC44-50C2-47E5-907D-548A6FC42898}
		{8B95B819-3877-43D2-9F0E-0A07F4D22067} = {D99C5D00-90B5-470B-A7A9-5E758260E518}
	EndGlobalSection
	GlobalSection(ExtensibilityGlobals) = postSolution
		SolutionGuid = {2E39CEA4-9B8F-4E83-943A-53E98E40DCF1}
	EndGlobalSection
EndGlobal
